Microsoft Visual Studio Solution File, Format Version 12.00
# Visual Studio Version 17
VisualStudioVersion = 17.5.2.0
MinimumVisualStudioVersion = 10.0.40219.1
Project("{FAE04EC0-301F-11D3-BF4B-00C04F79EFBC}") = "DfsTargetCleanup", "DfsTargetCleanup\DfsTargetCleanup.csproj", "{2B5B71ED-0752-AD51-7036-3F5F00EF16F2}"
EndProject
Project("{FAE04EC0-301F-11D3-BF4B-00C04F79EFBC}") = "DfsTargetCleanup.Tests", "DfsTargetCleanup.Tests\DfsTargetCleanup.Tests.csproj", "{BB3E64E7-2A13-C3E0-D8D7-C16E3DCE0708}"
EndProject
Global
	GlobalSection(SolutionConfigurationPlatforms) = preSolution
		Debug|Any CPU = Debug|Any CPU
		Release|Any CPU = Release|Any CPU
	EndGlobalSection
	GlobalSection(ProjectConfigurationPlatforms) = postSolution
		{2B5B71ED-0752-AD51-7036-3F5F00EF16F2}.Debug|Any CPU.ActiveCfg = Debug|Any CPU
		{2B5B71ED-0752-AD51-7036-3F5F00EF16F2}.Debug|Any CPU.Build.0 = Debug|Any CPU
		{2B5B71ED-0752-AD51-7036-3F5F00EF16F2}.Release|Any CPU.ActiveCfg = Release|Any CPU
		{2B5B71ED-0752-AD51-7036-3F5F00EF16F2}.Release|Any CPU.Build.0 = Release|Any CPU
		{BB3E64E7-2A13-C3E0-D8D7-C16E3DCE0708}.Debug|Any CPU.ActiveCfg = Debug|Any CPU
		{BB3E64E7-2A13-C3E0-D8D7-C16E3DCE0708}.Debug|Any CPU.Build.0 = Debug|Any CPU
		{BB3E64E7-2A13-C3E0-D8D7-C16E3DCE0708}.Release|Any CPU.ActiveCfg = Release|Any CPU
		{BB3E64E7-2A13-C3E0-D8D7-C16E3DCE0708}.Release|Any CPU.Build.0 = Release|Any CPU
	EndGlobalSection
	GlobalSection(SolutionProperties) = preSolution
		HideSolutionNode = FALSE
	EndGlobalSection
	GlobalSection(ExtensibilityGlobals) = postSolution
		SolutionGuid = {CA235FD4-B6DB-4652-AC70-7176371DA356}
	EndGlobalSection
EndGlobal
